{
  "object": {
    "pins": [
      {
        "package": "Logging",
        "repositoryURL": "https://github.com/shaps80/Logging.git",
        "state": {
          "branch": null,
          "revision": "90a9ebf8c666a930da1e9154f22fba265294fe2a",
          "version": "1.8.0"
        }
      },
      {
        "package": "XCGLogger",
        "repositoryURL": "https://github.com/DaveWoodCom/XCGLogger.git",
        "state": {
          "branch": null,
          "revision": "a9c4667b247928a29bdd41be2ec2c8d304215a54",
          "version": "7.0.1"
        }
      }
    ]
  },
  "version": 1
}
